
Microsoft Visual Studio Solution File, Format Version 12.00
# Visual Studio Version 16
VisualStudioVersion = 16.0.32126.315
MinimumVisualStudioVersion = 10.0.40219.1
Project("{FAE04EC0-301F-11D3-BF4B-00C04F79EFBC}") = "WF 1st Lesson(03.04)", "WF 1st Lesson(03.04)\WF 1st Lesson(03.04).csproj", "{36BB7494-6780-4EB2-8727-2F813115034B}"
EndProject
Project("{FAE04EC0-301F-11D3-BF4B-00C04F79EFBC}") = "HW1_Korotkov", "HW1_Korotkov\HW1_Korotkov.csproj", "{26E99204-E063-4BE4-B1AC-285B3B5CF1F7}"
EndProject
Global
	GlobalSection(SolutionConfigurationPlatforms) = preSolution
		Debug|Any CPU = Debug|Any CPU
		Release|Any CPU = Release|Any CPU
	EndGlobalSection
	GlobalSection(ProjectConfigurationPlatforms) = postSolution
		{36BB7494-6780-4EB2-8727-2F813115034B}.Debug|Any CPU.ActiveCfg = Debug|Any CPU
		{36BB7494-6780-4EB2-8727-2F813115034B}.Debug|Any CPU.Build.0 = Debug|Any CPU
		{36BB7494-6780-4EB2-8727-2F813115034B}.Release|Any CPU.ActiveCfg = Release|Any CPU
		{36BB7494-6780-4EB2-8727-2F813115034B}.Release|Any CPU.Build.0 = Release|Any CPU
		{26E99204-E063-4BE4-B1AC-285B3B5CF1F7}.Debug|Any CPU.ActiveCfg = Debug|Any CPU
		{26E99204-E063-4BE4-B1AC-285B3B5CF1F7}.Debug|Any CPU.Build.0 = Debug|Any CPU
		{26E99204-E063-4BE4-B1AC-285B3B5CF1F7}.Release|Any CPU.ActiveCfg = Release|Any CPU
		{26E99204-E063-4BE4-B1AC-285B3B5CF1F7}.Release|Any CPU.Build.0 = Release|Any CPU
	EndGlobalSection
	GlobalSection(SolutionProperties) = preSolution
		HideSolutionNode = FALSE
	EndGlobalSection
	GlobalSection(ExtensibilityGlobals) = postSolution
		SolutionGuid = {B27CBEE4-CA87-4D47-9543-17F5B0C65BEE}
	EndGlobalSection
EndGlobal
